// !$*UTF8*$!
{
	archiveVersion = 1;
	classes = {
	};
	objectVersion = 50;
	objects = {

/* Begin PBXBuildFile section */
		910C51B02562FB67000AB3A0 /* GenerationProcessor.cpp in Sources */ = {isa = PBXBuildFile; fileRef = 910C51AE2562FB67000AB3A0 /* GenerationProcessor.cpp */; };
		917AF7CF2553681C00DBFE08 /* main.cpp in Sources */ = {isa = PBXBuildFile; fileRef = 917AF7CE2553681C00DBFE08 /* main.cpp */; };
		917AF7DA25536A4900DBFE08 /* DNAProcessor.cpp in Sources */ = {isa = PBXBuildFile; fileRef = 917AF7D825536A4900DBFE08 /* DNAProcessor.cpp */; };
		917AF7E825536F5000DBFE08 /* libomp.dylib in Frameworks */ = {isa = PBXBuildFile; fileRef = 917AF7E725536F5000DBFE08 /* libomp.dylib */; };
		917AF7EF25537C6E00DBFE08 /* Problems.cpp in Sources */ = {isa = PBXBuildFile; fileRef = 917AF7ED25537C6E00DBFE08 /* Problems.cpp */; };
/* End PBXBuildFile section */

/* Begin PBXCopyFilesBuildPhase section */
		917AF7C92553681C00DBFE08 /* CopyFiles */ = {
			isa = PBXCopyFilesBuildPhase;
			buildActionMask = 2147483647;
			dstPath = /usr/share/man/man1/;
			dstSubfolderSpec = 0;
			files = (
			);
			runOnlyForDeploymentPostprocessing = 1;
		};
/* End PBXCopyFilesBuildPhase section */

/* Begin PBXFileReference section */
		910C51AE2562FB67000AB3A0 /* GenerationProcessor.cpp */ = {isa = PBXFileReference; lastKnownFileType = sourcecode.cpp.cpp; path = GenerationProcessor.cpp; sourceTree = "<group>"; };
		910C51AF2562FB67000AB3A0 /* GenerationProcessor.hpp */ = {isa = PBXFileReference; lastKnownFileType = sourcecode.cpp.h; path = GenerationProcessor.hpp; sourceTree = "<group>"; };
		917AF7CB2553681C00DBFE08 /* BioOpenMP */ = {isa = PBXFileReference; explicitFileType = "compiled.mach-o.executable"; includeInIndex = 0; path = BioOpenMP; sourceTree = BUILT_PRODUCTS_DIR; };
		917AF7CE2553681C00DBFE08 /* main.cpp */ = {isa = PBXFileReference; lastKnownFileType = sourcecode.cpp.cpp; path = main.cpp; sourceTree = "<group>"; };
		917AF7D825536A4900DBFE08 /* DNAProcessor.cpp */ = {isa = PBXFileReference; lastKnownFileType = sourcecode.cpp.cpp; path = DNAProcessor.cpp; sourceTree = "<group>"; };
		917AF7D925536A4900DBFE08 /* DNAProcessor.hpp */ = {isa = PBXFileReference; lastKnownFileType = sourcecode.cpp.h; path = DNAProcessor.hpp; sourceTree = "<group>"; };
		917AF7E325536E8600DBFE08 /* libomp.dylib */ = {isa = PBXFileReference; lastKnownFileType = "compiled.mach-o.dylib"; name = libomp.dylib; path = ../../../../../usr/local/Cellar/libomp/11.0.0/lib/libomp.dylib; sourceTree = "<group>"; };
		917AF7E725536F5000DBFE08 /* libomp.dylib */ = {isa = PBXFileReference; lastKnownFileType = "compiled.mach-o.dylib"; name = libomp.dylib; path = ../../../../../usr/local/Cellar/llvm/11.0.0/lib/libomp.dylib; sourceTree = "<group>"; };
		917AF7EB2553700D00DBFE08 /* BioOpenMP.entitlements */ = {isa = PBXFileReference; lastKnownFileType = text.plist.entitlements; path = BioOpenMP.entitlements; sourceTree = "<group>"; };
		917AF7ED25537C6E00DBFE08 /* Problems.cpp */ = {isa = PBXFileReference; lastKnownFileType = sourcecode.cpp.cpp; path = Problems.cpp; sourceTree = "<group>"; };
		917AF7EE25537C6E00DBFE08 /* Problems.hpp */ = {isa = PBXFileReference; lastKnownFileType = sourcecode.cpp.h; path = Problems.hpp; sourceTree = "<group>"; };
/* End PBXFileReference section */

/* Begin PBXFrameworksBuildPhase section */
		917AF7C82553681C00DBFE08 /* Frameworks */ = {
			isa = PBXFrameworksBuildPhase;
			buildActionMask = 2147483647;
			files = (
				917AF7E825536F5000DBFE08 /* libomp.dylib in Frameworks */,
			);
			runOnlyForDeploymentPostprocessing = 0;
		};
/* End PBXFrameworksBuildPhase section */

/* Begin PBXGroup section */
		917AF7C22553681C00DBFE08 = {
			isa = PBXGroup;
			children = (
				917AF7CD2553681C00DBFE08 /* BioOpenMP */,
				917AF7CC2553681C00DBFE08 /* Products */,
				917AF7E225536E8600DBFE08 /* Frameworks */,
			);
			sourceTree = "<group>";
		};
		917AF7CC2553681C00DBFE08 /* Products */ = {
			isa = PBXGroup;
			children = (
				917AF7CB2553681C00DBFE08 /* BioOpenMP */,
			);
			name = Products;
			sourceTree = "<group>";
		};
		917AF7CD2553681C00DBFE08 /* BioOpenMP */ = {
			isa = PBXGroup;
			children = (
				917AF7EB2553700D00DBFE08 /* BioOpenMP.entitlements */,
				917AF7CE2553681C00DBFE08 /* main.cpp */,
				917AF7D825536A4900DBFE08 /* DNAProcessor.cpp */,
				917AF7D925536A4900DBFE08 /* DNAProcessor.hpp */,
				917AF7ED25537C6E00DBFE08 /* Problems.cpp */,
				917AF7EE25537C6E00DBFE08 /* Problems.hpp */,
				910C51AE2562FB67000AB3A0 /* GenerationProcessor.cpp */,
				910C51AF2562FB67000AB3A0 /* GenerationProcessor.hpp */,
			);
			path = BioOpenMP;
			sourceTree = "<group>";
		};
		917AF7E225536E8600DBFE08 /* Frameworks */ = {
			isa = PBXGroup;
			children = (
				917AF7E725536F5000DBFE08 /* libomp.dylib */,
				917AF7E325536E8600DBFE08 /* libomp.dylib */,
			);
			name = Frameworks;
			sourceTree = "<group>";
		};
/* End PBXGroup section */

/* Begin PBXNativeTarget section */
		917AF7CA2553681C00DBFE08 /* BioOpenMP */ = {
			isa = PBXNativeTarget;
			buildConfigurationList = 917AF7D22553681C00DBFE08 /* Build configuration list for PBXNativeTarget "BioOpenMP" */;
			buildPhases = (
				917AF7C72553681C00DBFE08 /* Sources */,
				917AF7C82553681C00DBFE08 /* Frameworks */,
				917AF7C92553681C00DBFE08 /* CopyFiles */,
			);
			buildRules = (
			);
			dependencies = (
			);
			name = BioOpenMP;
			productName = BioOpenMP;
			productReference = 917AF7CB2553681C00DBFE08 /* BioOpenMP */;
			productType = "com.apple.product-type.tool";
		};
/* End PBXNativeTarget section */

/* Begin PBXProject section */
		917AF7C32553681C00DBFE08 /* Project object */ = {
			isa = PBXProject;
			attributes = {
				LastUpgradeCheck = 1210;
				TargetAttributes = {
					917AF7CA2553681C00DBFE08 = {
						CreatedOnToolsVersion = 12.1;
					};
				};
			};
			buildConfigurationList = 917AF7C62553681C00DBFE08 /* Build configuration list for PBXProject "BioOpenMP" */;
			compatibilityVersion = "Xcode 9.3";
			developmentRegion = en;
			hasScannedForEncodings = 0;
			knownRegions = (
				en,
				Base,
			);
			mainGroup = 917AF7C22553681C00DBFE08;
			productRefGroup = 917AF7CC2553681C00DBFE08 /* Products */;
			projectDirPath = "";
			projectRoot = "";
			targets = (
				917AF7CA2553681C00DBFE08 /* BioOpenMP */,
			);
		};
/* End PBXProject section */

/* Begin PBXSourcesBuildPhase section */
		917AF7C72553681C00DBFE08 /* Sources */ = {
			isa = PBXSourcesBuildPhase;
			buildActionMask = 2147483647;
			files = (
				910C51B02562FB67000AB3A0 /* GenerationProcessor.cpp in Sources */,
				917AF7DA25536A4900DBFE08 /* DNAProcessor.cpp in Sources */,
				917AF7CF2553681C00DBFE08 /* main.cpp in Sources */,
				917AF7EF25537C6E00DBFE08 /* Problems.cpp in Sources */,
			);
			runOnlyForDeploymentPostprocessing = 0;
		};
/* End PBXSourcesBuildPhase section */

/* Begin XCBuildConfiguration section */
		917AF7D02553681C00DBFE08 /* Debug */ = {
			isa = XCBuildConfiguration;
			buildSettings = {
				ALWAYS_SEARCH_USER_PATHS = NO;
				CLANG_ANALYZER_NONNULL = YES;
				CLANG_ANALYZER_NUMBER_OBJECT_CONVERSION = YES_AGGRESSIVE;
				CLANG_CXX_LANGUAGE_STANDARD = "gnu++14";
				CLANG_CXX_LIBRARY = "libc++";
				CLANG_ENABLE_MODULES = YES;
				CLANG_ENABLE_OBJC_ARC = YES;
				CLANG_ENABLE_OBJC_WEAK = YES;
				CLANG_WARN_BLOCK_CAPTURE_AUTORELEASING = YES;
				CLANG_WARN_BOOL_CONVERSION = YES;
				CLANG_WARN_COMMA = YES;
				CLANG_WARN_CONSTANT_CONVERSION = YES;
				CLANG_WARN_DEPRECATED_OBJC_IMPLEMENTATIONS = YES;
				CLANG_WARN_DIRECT_OBJC_ISA_USAGE = YES_ERROR;
				CLANG_WARN_DOCUMENTATION_COMMENTS = YES;
				CLANG_WARN_EMPTY_BODY = YES;
				CLANG_WARN_ENUM_CONVERSION = YES;
				CLANG_WARN_INFINITE_RECURSION = YES;
				CLANG_WARN_INT_CONVERSION = YES;
				CLANG_WARN_NON_LITERAL_NULL_CONVERSION = YES;
				CLANG_WARN_OBJC_IMPLICIT_RETAIN_SELF = YES;
				CLANG_WARN_OBJC_LITERAL_CONVERSION = YES;
				CLANG_WARN_OBJC_ROOT_CLASS = YES_ERROR;
				CLANG_WARN_QUOTED_INCLUDE_IN_FRAMEWORK_HEADER = YES;
				CLANG_WARN_RANGE_LOOP_ANALYSIS = YES;
				CLANG_WARN_STRICT_PROTOTYPES = YES;
				CLANG_WARN_SUSPICIOUS_MOVE = YES;
				CLANG_WARN_UNGUARDED_AVAILABILITY = YES_AGGRESSIVE;
				CLANG_WARN_UNREACHABLE_CODE = YES;
				CLANG_WARN__DUPLICATE_METHOD_MATCH = YES;
				COPY_PHASE_STRIP = NO;
				DEBUG_INFORMATION_FORMAT = dwarf;
				ENABLE_STRICT_OBJC_MSGSEND = YES;
				ENABLE_TESTABILITY = YES;
				GCC_C_LANGUAGE_STANDARD = gnu11;
				GCC_DYNAMIC_NO_PIC = NO;
				GCC_NO_COMMON_BLOCKS = YES;
				GCC_OPTIMIZATION_LEVEL = 0;
				GCC_PREPROCESSOR_DEFINITIONS = (
					"DEBUG=1",
					"$(inherited)",
				);
				GCC_WARN_64_TO_32_BIT_CONVERSION = YES;
				GCC_WARN_ABOUT_RETURN_TYPE = YES_ERROR;
				GCC_WARN_UNDECLARED_SELECTOR = YES;
				GCC_WARN_UNINITIALIZED_AUTOS = YES_AGGRESSIVE;
				GCC_WARN_UNUSED_FUNCTION = YES;
				GCC_WARN_UNUSED_VARIABLE = YES;
				MACOSX_DEPLOYMENT_TARGET = 10.15;
				MTL_ENABLE_DEBUG_INFO = INCLUDE_SOURCE;
				MTL_FAST_MATH = YES;
				ONLY_ACTIVE_ARCH = YES;
				SDKROOT = macosx;
			};
			name = Debug;
		};
		917AF7D12553681C00DBFE08 /* Release */ = {
			isa = XCBuildConfiguration;
			buildSettings = {
				ALWAYS_SEARCH_USER_PATHS = NO;
				CLANG_ANALYZER_NONNULL = YES;
				CLANG_ANALYZER_NUMBER_OBJECT_CONVERSION = YES_AGGRESSIVE;
				CLANG_CXX_LANGUAGE_STANDARD = "gnu++14";
				CLANG_CXX_LIBRARY = "libc++";
				CLANG_ENABLE_MODULES = YES;
				CLANG_ENABLE_OBJC_ARC = YES;
				CLANG_ENABLE_OBJC_WEAK = YES;
				CLANG_WARN_BLOCK_CAPTURE_AUTORELEASING = YES;
				CLANG_WARN_BOOL_CONVERSION = YES;
				CLANG_WARN_COMMA = YES;
				CLANG_WARN_CONSTANT_CONVERSION = YES;
				CLANG_WARN_DEPRECATED_OBJC_IMPLEMENTATIONS = YES;
				CLANG_WARN_DIRECT_OBJC_ISA_USAGE = YES_ERROR;
				CLANG_WARN_DOCUMENTATION_COMMENTS = YES;
				CLANG_WARN_EMPTY_BODY = YES;
				CLANG_WARN_ENUM_CONVERSION = YES;
				CLANG_WARN_INFINITE_RECURSION = YES;
				CLANG_WARN_INT_CONVERSION = YES;
				CLANG_WARN_NON_LITERAL_NULL_CONVERSION = YES;
				CLANG_WARN_OBJC_IMPLICIT_RETAIN_SELF = YES;
				CLANG_WARN_OBJC_LITERAL_CONVERSION = YES;
				CLANG_WARN_OBJC_ROOT_CLASS = YES_ERROR;
				CLANG_WARN_QUOTED_INCLUDE_IN_FRAMEWORK_HEADER = YES;
				CLANG_WARN_RANGE_LOOP_ANALYSIS = YES;
				CLANG_WARN_STRICT_PROTOTYPES = YES;
				CLANG_WARN_SUSPICIOUS_MOVE = YES;
				CLANG_WARN_UNGUARDED_AVAILABILITY = YES_AGGRESSIVE;
				CLANG_WARN_UNREACHABLE_CODE = YES;
				CLANG_WARN__DUPLICATE_METHOD_MATCH = YES;
				COPY_PHASE_STRIP = NO;
				DEBUG_INFORMATION_FORMAT = "dwarf-with-dsym";
				ENABLE_NS_ASSERTIONS = NO;
				ENABLE_STRICT_OBJC_MSGSEND = YES;
				GCC_C_LANGUAGE_STANDARD = gnu11;
				GCC_NO_COMMON_BLOCKS = YES;
				GCC_WARN_64_TO_32_BIT_CONVERSION = YES;
				GCC_WARN_ABOUT_RETURN_TYPE = YES_ERROR;
				GCC_WARN_UNDECLARED_SELECTOR = YES;
				GCC_WARN_UNINITIALIZED_AUTOS = YES_AGGRESSIVE;
				GCC_WARN_UNUSED_FUNCTION = YES;
				GCC_WARN_UNUSED_VARIABLE = YES;
				MACOSX_DEPLOYMENT_TARGET = 10.15;
				MTL_ENABLE_DEBUG_INFO = NO;
				MTL_FAST_MATH = YES;
				SDKROOT = macosx;
			};
			name = Release;
		};
		917AF7D32553681C00DBFE08 /* Debug */ = {
			isa = XCBuildConfiguration;
			buildSettings = {
				CC = /usr/local/opt/llvm/bin/clang;
				CLANG_ENABLE_MODULES = NO;
				CODE_SIGN_ENTITLEMENTS = BioOpenMP/BioOpenMP.entitlements;
				CODE_SIGN_STYLE = Automatic;
				COMPILER_INDEX_STORE_ENABLE = NO;
				DEVELOPMENT_TEAM = ZXDRK5959K;
				ENABLE_HARDENED_RUNTIME = YES;
				HEADER_SEARCH_PATHS = /usr/local/opt/llvm/lib/clang/11.0.0/include;
				LIBRARY_SEARCH_PATHS = (
					/usr/local/opt/llvm/lib,
					/usr/local/Cellar/libomp/11.0.0/lib,
					/usr/local/Cellar/llvm/11.0.0/lib,
				);
				OTHER_CFLAGS = "-fopenmp";
				PRODUCT_NAME = "$(TARGET_NAME)";
			};
			name = Debug;
		};
		917AF7D42553681C00DBFE08 /* Release */ = {
			isa = XCBuildConfiguration;
			buildSettings = {
				CC = /usr/local/opt/llvm/bin/clang;
				CLANG_ENABLE_MODULES = NO;
				CODE_SIGN_ENTITLEMENTS = BioOpenMP/BioOpenMP.entitlements;
				CODE_SIGN_STYLE = Automatic;
				COMPILER_INDEX_STORE_ENABLE = NO;
				DEVELOPMENT_TEAM = ZXDRK5959K;
				ENABLE_HARDENED_RUNTIME = YES;
				HEADER_SEARCH_PATHS = /usr/local/opt/llvm/lib/clang/11.0.0/include;
				LIBRARY_SEARCH_PATHS = (
					/usr/local/opt/llvm/lib,
					/usr/local/Cellar/libomp/11.0.0/lib,
					/usr/local/Cellar/llvm/11.0.0/lib,
				);
				OTHER_CFLAGS = "-fopenmp";
				PRODUCT_NAME = "$(TARGET_NAME)";
			};
			name = Release;
		};
/* End XCBuildConfiguration section */

/* Begin XCConfigurationList section */
		917AF7C62553681C00DBFE08 /* Build configuration list for PBXProject "BioOpenMP" */ = {
			isa = XCConfigurationList;
			buildConfigurations = (
				917AF7D02553681C00DBFE08 /* Debug */,
				917AF7D12553681C00DBFE08 /* Release */,
			);
			defaultConfigurationIsVisible = 0;
			defaultConfigurationName = Release;
		};
		917AF7D22553681C00DBFE08 /* Build configuration list for PBXNativeTarget "BioOpenMP" */ = {
			isa = XCConfigurationList;
			buildConfigurations = (
				917AF7D32553681C00DBFE08 /* Debug */,
				917AF7D42553681C00DBFE08 /* Release */,
			);
			defaultConfigurationIsVisible = 0;
			defaultConfigurationName = Release;
		};
/* End XCConfigurationList section */
	};
	rootObject = 917AF7C32553681C00DBFE08 /* Project object */;
}
